
Microsoft Visual Studio Solution File, Format Version 12.00
# Visual Studio Version 16
VisualStudioVersion = 16.0.29728.190
MinimumVisualStudioVersion = 10.0.40219.1
Project("{FAE04EC0-301F-11D3-BF4B-00C04F79EFBC}") = "TestTask", "TestTask\TestTask.csproj", "{F46D9B33-4451-4883-943E-4E08206D6913}"
EndProject
Project("{FAE04EC0-301F-11D3-BF4B-00C04F79EFBC}") = "TestTask.DAL", "TestTask.DAL\TestTask.DAL.csproj", "{6AE69D38-2EE9-4149-A181-ED0877901AC2}"
EndProject
Project("{FAE04EC0-301F-11D3-BF4B-00C04F79EFBC}") = "TestTask.BLL", "TestTask.BLL\TestTask.BLL.csproj", "{F3D25186-EE81-43F8-9E97-D5D3318FEF2F}"
EndProject
Global
	GlobalSection(SolutionConfigurationPlatforms) = preSolution
		Debug|Any CPU = Debug|Any CPU
		Release|Any CPU = Release|Any CPU
	EndGlobalSection
	GlobalSection(ProjectConfigurationPlatforms) = postSolution
		{F46D9B33-4451-4883-943E-4E08206D6913}.Debug|Any CPU.ActiveCfg = Debug|Any CPU
		{F46D9B33-4451-4883-943E-4E08206D6913}.Debug|Any CPU.Build.0 = Debug|Any CPU
		{F46D9B33-4451-4883-943E-4E08206D6913}.Release|Any CPU.ActiveCfg = Release|Any CPU
		{F46D9B33-4451-4883-943E-4E08206D6913}.Release|Any CPU.Build.0 = Release|Any CPU
		{6AE69D38-2EE9-4149-A181-ED0877901AC2}.Debug|Any CPU.ActiveCfg = Debug|Any CPU
		{6AE69D38-2EE9-4149-A181-ED0877901AC2}.Debug|Any CPU.Build.0 = Debug|Any CPU
		{6AE69D38-2EE9-4149-A181-ED0877901AC2}.Release|Any CPU.ActiveCfg = Release|Any CPU
		{6AE69D38-2EE9-4149-A181-ED0877901AC2}.Release|Any CPU.Build.0 = Release|Any CPU
		{F3D25186-EE81-43F8-9E97-D5D3318FEF2F}.Debug|Any CPU.ActiveCfg = Debug|Any CPU
		{F3D25186-EE81-43F8-9E97-D5D3318FEF2F}.Debug|Any CPU.Build.0 = Debug|Any CPU
		{F3D25186-EE81-43F8-9E97-D5D3318FEF2F}.Release|Any CPU.ActiveCfg = Release|Any CPU
		{F3D25186-EE81-43F8-9E97-D5D3318FEF2F}.Release|Any CPU.Build.0 = Release|Any CPU
	EndGlobalSection
	GlobalSection(SolutionProperties) = preSolution
		HideSolutionNode = FALSE
	EndGlobalSection
	GlobalSection(ExtensibilityGlobals) = postSolution
		SolutionGuid = {3F51C805-E182-45EB-8268-E999F202CD7E}
	EndGlobalSection
EndGlobal
